<?xml version="1.0" encoding="utf-8"?>
<Project ToolsVersion="4.0" xmlns="http://schemas.microsoft.com/developer/msbuild/2003">
  <ItemGroup>
    <Filter Include="include">
      <UniqueIdentifier>{89AF369E-F58E-B539-FEA6-40106A051C9B}</UniqueIdentifier>
    </Filter>
    <Filter Include="include\GLEW">
      <UniqueIdentifier>{4788C969-33EB-580E-DC70-91C4C8B22491}</UniqueIdentifier>
    </Filter>
    <Filter Include="include\GLFW">
      <UniqueIdentifier>{6888C969-54EB-580E-FD70-91C4E9B22491}</UniqueIdentifier>
    </Filter>
    <Filter Include="src">
      <UniqueIdentifier>{2DAB880B-99B4-887C-2230-9F7C8E38947C}</UniqueIdentifier>
    </Filter>
  </ItemGroup>
  <ItemGroup>
    <ClInclude Include="..\include\Data.h">
      <Filter>include</Filter>
    </ClInclude>
    <ClInclude Include="..\include\GLEW\eglew.h">
      <Filter>include\GLEW</Filter>
    </ClInclude>
    <ClInclude Include="..\include\GLEW\glew.h">
      <Filter>include\GLEW</Filter>
    </ClInclude>
    <ClInclude Include="..\include\GLEW\glxew.h">
      <Filter>include\GLEW</Filter>
    </ClInclude>
    <ClInclude Include="..\include\GLEW\wglew.h">
      <Filter>include\GLEW</Filter>
    </ClInclude>
    <ClInclude Include="..\include\GLFW\glfw3.h">
      <Filter>include\GLFW</Filter>
    </ClInclude>
    <ClInclude Include="..\include\GLFW\glfw3native.h">
      <Filter>include\GLFW</Filter>
    </ClInclude>
    <ClInclude Include="..\include\Palette.h">
      <Filter>include</Filter>
    </ClInclude>
  </ItemGroup>
  <ItemGroup>
    <ClCompile Include="..\src\Data.cpp">
      <Filter>src</Filter>
    </ClCompile>
    <ClCompile Include="..\src\Palette.cpp">
      <Filter>src</Filter>
    </ClCompile>
    <ClCompile Include="..\src\main.cpp">
      <Filter>src</Filter>
    </ClCompile>
  </ItemGroup>
</Project>